dependencies:
- name: mysql-operator
  repository: https://presslabs.github.io/charts/
  version: 0.2.9
- name: wordpress-operator
  repository: https://presslabs.github.io/charts/
  version: v0.3.4
- name: nginx-ingress
  repository: https://kubernetes-charts.storage.googleapis.com/
  version: 1.6.17
- name: cert-manager
  repository: https://charts.jetstack.io
  version: v0.8.0
- name: prometheus-operator
  repository: https://kubernetes-charts.storage.googleapis.com/
  version: 5.12.3
- name: git-webhook
  repository: file://../git-webhook
  version: 0.0.1+master
digest: sha256:183de137260635560669e200ab111013b44ad82140975d4e78e2f85736d37362
generated: 2019-06-13T13:49:50.246024869+03:00
